
Microsoft Visual Studio Solution File, Format Version 12.00
# Visual Studio Version 17
VisualStudioVersion = 17.13.35913.81
MinimumVisualStudioVersion = 10.0.40219.1
Project("{2150E333-8FDC-42A3-9474-1A3956D46DE8}") = "1 Presentaciones", "1 Presentaciones", "{02EA681E-C7D8-13C7-8484-4AC65E1B71E8}"
EndProject
Project("{2150E333-8FDC-42A3-9474-1A3956D46DE8}") = "2 Servicios", "2 Servicios", "{85D08C98-28A0-46A4-9138-E665B5B6E3BB}"
EndProject
Project("{2150E333-8FDC-42A3-9474-1A3956D46DE8}") = "3 Nucleo", "3 Nucleo", "{6E67452E-7177-4DFA-A897-8A7AF1EA8587}"
EndProject
Project("{2150E333-8FDC-42A3-9474-1A3956D46DE8}") = "4 Pruebas Unitarias", "4 Pruebas Unitarias", "{0D2BBDF3-E321-4B4F-BED0-C0AF3746A95F}"
EndProject
Project("{FAE04EC0-301F-11D3-BF4B-00C04F79EFBC}") = "lib_repositorios", "lib_repositorios\lib_repositorios.csproj", "{9CDB536B-DEB6-45AD-9295-5A3C4459CA2C}"
EndProject
Project("{FAE04EC0-301F-11D3-BF4B-00C04F79EFBC}") = "lib_dominio", "lib_dominio\lib_dominio.csproj", "{08457758-73D5-4823-8721-3FD8F2BBF533}"
EndProject
Project("{FAE04EC0-301F-11D3-BF4B-00C04F79EFBC}") = "ut_clientes", "ut_clientes\ut_clientes.csproj", "{476B5DA6-88A6-40EB-8E43-C5636CE90D21}"
EndProject
Project("{2150E333-8FDC-42A3-9474-1A3956D46DE8}") = "Solution Items", "Solution Items", "{D107F4C8-89CC-BEA8-D3D7-CA6B7733353D}"
	ProjectSection(SolutionItems) = preProject
		README.md = README.md
		secretos.json = secretos.json
	EndProjectSection
EndProject
Project("{FAE04EC0-301F-11D3-BF4B-00C04F79EFBC}") = "ut_marcas", "ut_proveedores\ut_marcas.csproj", "{C660BE52-6C9C-4409-AE8D-0412C752F78D}"
EndProject
Project("{FAE04EC0-301F-11D3-BF4B-00C04F79EFBC}") = "ut_productos", "ut_productos\ut_productos.csproj", "{E1EBF6CD-3547-429E-808F-C87D96044DD9}"
EndProject
Global
	GlobalSection(SolutionConfigurationPlatforms) = preSolution
		Debug|Any CPU = Debug|Any CPU
		Release|Any CPU = Release|Any CPU
	EndGlobalSection
	GlobalSection(ProjectConfigurationPlatforms) = postSolution
		{9CDB536B-DEB6-45AD-9295-5A3C4459CA2C}.Debug|Any CPU.ActiveCfg = Debug|Any CPU
		{9CDB536B-DEB6-45AD-9295-5A3C4459CA2C}.Debug|Any CPU.Build.0 = Debug|Any CPU
		{9CDB536B-DEB6-45AD-9295-5A3C4459CA2C}.Release|Any CPU.ActiveCfg = Release|Any CPU
		{9CDB536B-DEB6-45AD-9295-5A3C4459CA2C}.Release|Any CPU.Build.0 = Release|Any CPU
		{08457758-73D5-4823-8721-3FD8F2BBF533}.Debug|Any CPU.ActiveCfg = Debug|Any CPU
		{08457758-73D5-4823-8721-3FD8F2BBF533}.Debug|Any CPU.Build.0 = Debug|Any CPU
		{08457758-73D5-4823-8721-3FD8F2BBF533}.Release|Any CPU.ActiveCfg = Release|Any CPU
		{08457758-73D5-4823-8721-3FD8F2BBF533}.Release|Any CPU.Build.0 = Release|Any CPU
		{476B5DA6-88A6-40EB-8E43-C5636CE90D21}.Debug|Any CPU.ActiveCfg = Debug|Any CPU
		{476B5DA6-88A6-40EB-8E43-C5636CE90D21}.Debug|Any CPU.Build.0 = Debug|Any CPU
		{476B5DA6-88A6-40EB-8E43-C5636CE90D21}.Release|Any CPU.ActiveCfg = Release|Any CPU
		{476B5DA6-88A6-40EB-8E43-C5636CE90D21}.Release|Any CPU.Build.0 = Release|Any CPU
		{C660BE52-6C9C-4409-AE8D-0412C752F78D}.Debug|Any CPU.ActiveCfg = Debug|Any CPU
		{C660BE52-6C9C-4409-AE8D-0412C752F78D}.Debug|Any CPU.Build.0 = Debug|Any CPU
		{C660BE52-6C9C-4409-AE8D-0412C752F78D}.Release|Any CPU.ActiveCfg = Release|Any CPU
		{C660BE52-6C9C-4409-AE8D-0412C752F78D}.Release|Any CPU.Build.0 = Release|Any CPU
		{E1EBF6CD-3547-429E-808F-C87D96044DD9}.Debug|Any CPU.ActiveCfg = Debug|Any CPU
		{E1EBF6CD-3547-429E-808F-C87D96044DD9}.Debug|Any CPU.Build.0 = Debug|Any CPU
		{E1EBF6CD-3547-429E-808F-C87D96044DD9}.Release|Any CPU.ActiveCfg = Release|Any CPU
		{E1EBF6CD-3547-429E-808F-C87D96044DD9}.Release|Any CPU.Build.0 = Release|Any CPU
	EndGlobalSection
	GlobalSection(SolutionProperties) = preSolution
		HideSolutionNode = FALSE
	EndGlobalSection
	GlobalSection(NestedProjects) = preSolution
		{9CDB536B-DEB6-45AD-9295-5A3C4459CA2C} = {85D08C98-28A0-46A4-9138-E665B5B6E3BB}
		{08457758-73D5-4823-8721-3FD8F2BBF533} = {6E67452E-7177-4DFA-A897-8A7AF1EA8587}
		{476B5DA6-88A6-40EB-8E43-C5636CE90D21} = {0D2BBDF3-E321-4B4F-BED0-C0AF3746A95F}
		{C660BE52-6C9C-4409-AE8D-0412C752F78D} = {0D2BBDF3-E321-4B4F-BED0-C0AF3746A95F}
		{E1EBF6CD-3547-429E-808F-C87D96044DD9} = {0D2BBDF3-E321-4B4F-BED0-C0AF3746A95F}
	EndGlobalSection
	GlobalSection(ExtensibilityGlobals) = postSolution
		SolutionGuid = {57B5035A-64C5-412C-800D-7F62761F95BB}
	EndGlobalSection
EndGlobal
